
Microsoft Visual Studio Solution File, Format Version 12.00
# Visual Studio 15
VisualStudioVersion = 15.0.28307.572
MinimumVisualStudioVersion = 10.0.40219.1
Project("{8BC9CEB8-8B4A-11D0-8D11-00A0C91BC942}") = "MyFirstDriver", "KMDF Driver1\KMDF Driver1.vcxproj", "{76FB8762-DB32-4D51-BBE6-B64C50098FB1}"
EndProject
Project("{8BC9CEB8-8B4A-11D0-8D11-00A0C91BC942}") = "InterceptDriverIO", "Driver_two\Driver_two.vcxproj", "{E6B746DD-BFA5-46E0-A4BF-74477F28CB6C}"
EndProject
Project("{8BC9CEB8-8B4A-11D0-8D11-00A0C91BC942}") = "EnumDrivers", "Driver3\Driver3.vcxproj", "{E2BE6114-965B-40E7-B0BE-58F38E082269}"
EndProject
Project("{8BC9CEB8-8B4A-11D0-8D11-00A0C91BC942}") = "KernelCreateFile", "Driver4\Driver4.vcxproj", "{0B3F2D78-538D-4923-A3F2-69B5E8939A33}"
EndProject
Project("{8BC9CEB8-8B4A-11D0-8D11-00A0C91BC942}") = "Regedit_Key", "Regedit_Key\Regedit_Key.vcxproj", "{5891ACEF-9478-4572-92DC-D1732691BE0F}"
EndProject
Project("{8BC9CEB8-8B4A-11D0-8D11-00A0C91BC942}") = "Read_Write", "Read_Write\Read_Write.vcxproj", "{3F6C7C6D-DD84-495E-9BB0-D63C43B8D863}"
EndProject
Project("{8BC9CEB8-8B4A-11D0-8D11-00A0C91BC942}") = "Read_Write_Test", "Read_Write_Test\Read_Write_Test.vcxproj", "{C4DFF487-CA95-447C-8D75-0CC3393955D8}"
EndProject
Project("{8BC9CEB8-8B4A-11D0-8D11-00A0C91BC942}") = "Hook_SSDT", "Hook_SSDT\Hook_SSDT.vcxproj", "{D8A6DFD2-E82E-4E77-9686-526B2C478EE2}"
EndProject
Project("{8BC9CEB8-8B4A-11D0-8D11-00A0C91BC942}") = "HookOpenKey", "HookOpenKey\HookOpenKey.vcxproj", "{631FBE10-9C90-4074-9963-24322A40211D}"
EndProject
Project("{8BC9CEB8-8B4A-11D0-8D11-00A0C91BC942}") = "Hook_KiFastCallEntry", "Hook_KiFastCallEntry\Hook_KiFastCallEntry.vcxproj", "{BA9A10ED-1C7B-4CEC-8F34-55C64EC8B9E4}"
EndProject
Project("{8BC9CEB8-8B4A-11D0-8D11-00A0C91BC942}") = "TestPE", "TestPE\TestPE.vcxproj", "{D490E742-7993-4B56-B568-90CAED244E86}"
EndProject
Project("{8BC9CEB8-8B4A-11D0-8D11-00A0C91BC942}") = "ReloadKernel", "ReloadKernel\ReloadKernel.vcxproj", "{BBC327B4-F05F-4F96-BC7C-1615DF224783}"
EndProject
Project("{8BC9CEB8-8B4A-11D0-8D11-00A0C91BC942}") = "EnumAndHookIDT", "EnumIDT\EnumIDT.vcxproj", "{2CE19CDF-78D0-4796-81CF-2F3EFC0A9602}"
EndProject
Project("{8BC9CEB8-8B4A-11D0-8D11-00A0C91BC942}") = "HideInterrupHook", "HideInterrupHook\HideInterrupHook.vcxproj", "{4CA7D7C1-3B69-43BB-ABC1-8CDE6FF157E5}"
EndProject
Project("{8BC9CEB8-8B4A-11D0-8D11-00A0C91BC942}") = "EnumObjectType", "EnumObjectType\EnumObjectType.vcxproj", "{ED39CC20-0E8E-4CE6-A726-C2D6EC3C9A3E}"
EndProject
Project("{8BC9CEB8-8B4A-11D0-8D11-00A0C91BC942}") = "EnumObjectDirectory", "EnumObjectDirectory\EnumObjectDirectory.vcxproj", "{ECC012B4-E82D-4548-A1D5-FC9ED078276E}"
EndProject
Project("{8BC9CEB8-8B4A-11D0-8D11-00A0C91BC942}") = "ProcessCallBack", "ProcessCallBack\ProcessCallBack.vcxproj", "{D499C632-979A-40A4-9988-224735F6754B}"
EndProject
Project("{8BC9CEB8-8B4A-11D0-8D11-00A0C91BC942}") = "GetObjectHookPoint", "GetObjectHookPoint\GetObjectHookPoint.vcxproj", "{37771A0D-5ECC-4A57-BF9F-814969A91272}"
EndProject
Project("{8BC9CEB8-8B4A-11D0-8D11-00A0C91BC942}") = "PassObjectHook", "PassObjectHook\PassObjectHook.vcxproj", "{12678818-FDB4-454A-807E-BB7A2C26D8E0}"
EndProject
Project("{8BC9CEB8-8B4A-11D0-8D11-00A0C91BC942}") = "CreateIoTimer", "IoTimer\IoTimer.vcxproj", "{008ACFCD-0473-4A4D-B4DF-1EF1C09A2F0D}"
EndProject
Project("{8BC9CEB8-8B4A-11D0-8D11-00A0C91BC942}") = "EnumIoTimer", "EnumIoTimer\EnumIoTimer.vcxproj", "{C1CC2BA9-7944-45A8-9D73-1CBF619C6904}"
EndProject
Global
	GlobalSection(SolutionConfigurationPlatforms) = preSolution
		Debug|ARM = Debug|ARM
		Debug|ARM64 = Debug|ARM64
		Debug|x64 = Debug|x64
		Debug|x86 = Debug|x86
		Release|ARM = Release|ARM
		Release|ARM64 = Release|ARM64
		Release|x64 = Release|x64
		Release|x86 = Release|x86
	EndGlobalSection
	GlobalSection(ProjectConfigurationPlatforms) = postSolution
		{76FB8762-DB32-4D51-BBE6-B64C50098FB1}.Debug|ARM.ActiveCfg = Debug|ARM
		{76FB8762-DB32-4D51-BBE6-B64C50098FB1}.Debug|ARM.Build.0 = Debug|ARM
		{76FB8762-DB32-4D51-BBE6-B64C50098FB1}.Debug|ARM.Deploy.0 = Debug|ARM
		{76FB8762-DB32-4D51-BBE6-B64C50098FB1}.Debug|ARM64.ActiveCfg = Debug|ARM64
		{76FB8762-DB32-4D51-BBE6-B64C50098FB1}.Debug|ARM64.Build.0 = Debug|ARM64
		{76FB8762-DB32-4D51-BBE6-B64C50098FB1}.Debug|ARM64.Deploy.0 = Debug|ARM64
		{76FB8762-DB32-4D51-BBE6-B64C50098FB1}.Debug|x64.ActiveCfg = Debug|x64
		{76FB8762-DB32-4D51-BBE6-B64C50098FB1}.Debug|x64.Build.0 = Debug|x64
		{76FB8762-DB32-4D51-BBE6-B64C50098FB1}.Debug|x64.Deploy.0 = Debug|x64
		{76FB8762-DB32-4D51-BBE6-B64C50098FB1}.Debug|x86.ActiveCfg = Debug|Win32
		{76FB8762-DB32-4D51-BBE6-B64C50098FB1}.Debug|x86.Build.0 = Debug|Win32
		{76FB8762-DB32-4D51-BBE6-B64C50098FB1}.Debug|x86.Deploy.0 = Debug|Win32
		{76FB8762-DB32-4D51-BBE6-B64C50098FB1}.Release|ARM.ActiveCfg = Release|ARM
		{76FB8762-DB32-4D51-BBE6-B64C50098FB1}.Release|ARM.Build.0 = Release|ARM
		{76FB8762-DB32-4D51-BBE6-B64C50098FB1}.Release|ARM.Deploy.0 = Release|ARM
		{76FB8762-DB32-4D51-BBE6-B64C50098FB1}.Release|ARM64.ActiveCfg = Release|ARM64
		{76FB8762-DB32-4D51-BBE6-B64C50098FB1}.Release|ARM64.Build.0 = Release|ARM64
		{76FB8762-DB32-4D51-BBE6-B64C50098FB1}.Release|ARM64.Deploy.0 = Release|ARM64
		{76FB8762-DB32-4D51-BBE6-B64C50098FB1}.Release|x64.ActiveCfg = Release|x64
		{76FB8762-DB32-4D51-BBE6-B64C50098FB1}.Release|x64.Build.0 = Release|x64
		{76FB8762-DB32-4D51-BBE6-B64C50098FB1}.Release|x64.Deploy.0 = Release|x64
		{76FB8762-DB32-4D51-BBE6-B64C50098FB1}.Release|x86.ActiveCfg = Release|Win32
		{76FB8762-DB32-4D51-BBE6-B64C50098FB1}.Release|x86.Build.0 = Release|Win32
		{76FB8762-DB32-4D51-BBE6-B64C50098FB1}.Release|x86.Deploy.0 = Release|Win32
		{E6B746DD-BFA5-46E0-A4BF-74477F28CB6C}.Debug|ARM.ActiveCfg = Debug|ARM
		{E6B746DD-BFA5-46E0-A4BF-74477F28CB6C}.Debug|ARM.Build.0 = Debug|ARM
		{E6B746DD-BFA5-46E0-A4BF-74477F28CB6C}.Debug|ARM.Deploy.0 = Debug|ARM
		{E6B746DD-BFA5-46E0-A4BF-74477F28CB6C}.Debug|ARM64.ActiveCfg = Debug|ARM64
		{E6B746DD-BFA5-46E0-A4BF-74477F28CB6C}.Debug|ARM64.Build.0 = Debug|ARM64
		{E6B746DD-BFA5-46E0-A4BF-74477F28CB6C}.Debug|ARM64.Deploy.0 = Debug|ARM64
		{E6B746DD-BFA5-46E0-A4BF-74477F28CB6C}.Debug|x64.ActiveCfg = Debug|x64
		{E6B746DD-BFA5-46E0-A4BF-74477F28CB6C}.Debug|x64.Build.0 = Debug|x64
		{E6B746DD-BFA5-46E0-A4BF-74477F28CB6C}.Debug|x64.Deploy.0 = Debug|x64
		{E6B746DD-BFA5-46E0-A4BF-74477F28CB6C}.Debug|x86.ActiveCfg = Debug|Win32
		{E6B746DD-BFA5-46E0-A4BF-74477F28CB6C}.Debug|x86.Build.0 = Debug|Win32
		{E6B746DD-BFA5-46E0-A4BF-74477F28CB6C}.Debug|x86.Deploy.0 = Debug|Win32
		{E6B746DD-BFA5-46E0-A4BF-74477F28CB6C}.Release|ARM.ActiveCfg = Release|ARM
		{E6B746DD-BFA5-46E0-A4BF-74477F28CB6C}.Release|ARM.Build.0 = Release|ARM
		{E6B746DD-BFA5-46E0-A4BF-74477F28CB6C}.Release|ARM.Deploy.0 = Release|ARM
		{E6B746DD-BFA5-46E0-A4BF-74477F28CB6C}.Release|ARM64.ActiveCfg = Release|ARM64
		{E6B746DD-BFA5-46E0-A4BF-74477F28CB6C}.Release|ARM64.Build.0 = Release|ARM64
		{E6B746DD-BFA5-46E0-A4BF-74477F28CB6C}.Release|ARM64.Deploy.0 = Release|ARM64
		{E6B746DD-BFA5-46E0-A4BF-74477F28CB6C}.Release|x64.ActiveCfg = Release|x64
		{E6B746DD-BFA5-46E0-A4BF-74477F28CB6C}.Release|x64.Build.0 = Release|x64
		{E6B746DD-BFA5-46E0-A4BF-74477F28CB6C}.Release|x64.Deploy.0 = Release|x64
		{E6B746DD-BFA5-46E0-A4BF-74477F28CB6C}.Release|x86.ActiveCfg = Release|Win32
		{E6B746DD-BFA5-46E0-A4BF-74477F28CB6C}.Release|x86.Build.0 = Release|Win32
		{E6B746DD-BFA5-46E0-A4BF-74477F28CB6C}.Release|x86.Deploy.0 = Release|Win32
		{E2BE6114-965B-40E7-B0BE-58F38E082269}.Debug|ARM.ActiveCfg = Debug|ARM
		{E2BE6114-965B-40E7-B0BE-58F38E082269}.Debug|ARM.Build.0 = Debug|ARM
		{E2BE6114-965B-40E7-B0BE-58F38E082269}.Debug|ARM.Deploy.0 = Debug|ARM
		{E2BE6114-965B-40E7-B0BE-58F38E082269}.Debug|ARM64.ActiveCfg = Debug|ARM64
		{E2BE6114-965B-40E7-B0BE-58F38E082269}.Debug|ARM64.Build.0 = Debug|ARM64
		{E2BE6114-965B-40E7-B0BE-58F38E082269}.Debug|ARM64.Deploy.0 = Debug|ARM64
		{E2BE6114-965B-40E7-B0BE-58F38E082269}.Debug|x64.ActiveCfg = Debug|x64
		{E2BE6114-965B-40E7-B0BE-58F38E082269}.Debug|x64.Build.0 = Debug|x64
		{E2BE6114-965B-40E7-B0BE-58F38E082269}.Debug|x64.Deploy.0 = Debug|x64
		{E2BE6114-965B-40E7-B0BE-58F38E082269}.Debug|x86.ActiveCfg = Debug|Win32
		{E2BE6114-965B-40E7-B0BE-58F38E082269}.Debug|x86.Build.0 = Debug|Win32
		{E2BE6114-965B-40E7-B0BE-58F38E082269}.Debug|x86.Deploy.0 = Debug|Win32
		{E2BE6114-965B-40E7-B0BE-58F38E082269}.Release|ARM.ActiveCfg = Release|ARM
		{E2BE6114-965B-40E7-B0BE-58F38E082269}.Release|ARM.Build.0 = Release|ARM
		{E2BE6114-965B-40E7-B0BE-58F38E082269}.Release|ARM.Deploy.0 = Release|ARM
		{E2BE6114-965B-40E7-B0BE-58F38E082269}.Release|ARM64.ActiveCfg = Release|ARM64
		{E2BE6114-965B-40E7-B0BE-58F38E082269}.Release|ARM64.Build.0 = Release|ARM64
		{E2BE6114-965B-40E7-B0BE-58F38E082269}.Release|ARM64.Deploy.0 = Release|ARM64
		{E2BE6114-965B-40E7-B0BE-58F38E082269}.Release|x64.ActiveCfg = Release|x64
		{E2BE6114-965B-40E7-B0BE-58F38E082269}.Release|x64.Build.0 = Release|x64
		{E2BE6114-965B-40E7-B0BE-58F38E082269}.Release|x64.Deploy.0 = Release|x64
		{E2BE6114-965B-40E7-B0BE-58F38E082269}.Release|x86.ActiveCfg = Release|Win32
		{E2BE6114-965B-40E7-B0BE-58F38E082269}.Release|x86.Build.0 = Release|Win32
		{E2BE6114-965B-40E7-B0BE-58F38E082269}.Release|x86.Deploy.0 = Release|Win32
		{0B3F2D78-538D-4923-A3F2-69B5E8939A33}.Debug|ARM.ActiveCfg = Debug|ARM
		{0B3F2D78-538D-4923-A3F2-69B5E8939A33}.Debug|ARM.Build.0 = Debug|ARM
		{0B3F2D78-538D-4923-A3F2-69B5E8939A33}.Debug|ARM.Deploy.0 = Debug|ARM
		{0B3F2D78-538D-4923-A3F2-69B5E8939A33}.Debug|ARM64.ActiveCfg = Debug|ARM64
		{0B3F2D78-538D-4923-A3F2-69B5E8939A33}.Debug|ARM64.Build.0 = Debug|ARM64
		{0B3F2D78-538D-4923-A3F2-69B5E8939A33}.Debug|ARM64.Deploy.0 = Debug|ARM64
		{0B3F2D78-538D-4923-A3F2-69B5E8939A33}.Debug|x64.ActiveCfg = Debug|x64
		{0B3F2D78-538D-4923-A3F2-69B5E8939A33}.Debug|x64.Build.0 = Debug|x64
		{0B3F2D78-538D-4923-A3F2-69B5E8939A33}.Debug|x64.Deploy.0 = Debug|x64
		{0B3F2D78-538D-4923-A3F2-69B5E8939A33}.Debug|x86.ActiveCfg = Debug|Win32
		{0B3F2D78-538D-4923-A3F2-69B5E8939A33}.Debug|x86.Build.0 = Debug|Win32
		{0B3F2D78-538D-4923-A3F2-69B5E8939A33}.Debug|x86.Deploy.0 = Debug|Win32
		{0B3F2D78-538D-4923-A3F2-69B5E8939A33}.Release|ARM.ActiveCfg = Release|ARM
		{0B3F2D78-538D-4923-A3F2-69B5E8939A33}.Release|ARM.Build.0 = Release|ARM
		{0B3F2D78-538D-4923-A3F2-69B5E8939A33}.Release|ARM.Deploy.0 = Release|ARM
		{0B3F2D78-538D-4923-A3F2-69B5E8939A33}.Release|ARM64.ActiveCfg = Release|ARM64
		{0B3F2D78-538D-4923-A3F2-69B5E8939A33}.Release|ARM64.Build.0 = Release|ARM64
		{0B3F2D78-538D-4923-A3F2-69B5E8939A33}.Release|ARM64.Deploy.0 = Release|ARM64
		{0B3F2D78-538D-4923-A3F2-69B5E8939A33}.Release|x64.ActiveCfg = Release|x64
		{0B3F2D78-538D-4923-A3F2-69B5E8939A33}.Release|x64.Build.0 = Release|x64
		{0B3F2D78-538D-4923-A3F2-69B5E8939A33}.Release|x64.Deploy.0 = Release|x64
		{0B3F2D78-538D-4923-A3F2-69B5E8939A33}.Release|x86.ActiveCfg = Release|Win32
		{0B3F2D78-538D-4923-A3F2-69B5E8939A33}.Release|x86.Build.0 = Release|Win32
		{0B3F2D78-538D-4923-A3F2-69B5E8939A33}.Release|x86.Deploy.0 = Release|Win32
		{5891ACEF-9478-4572-92DC-D1732691BE0F}.Debug|ARM.ActiveCfg = Debug|ARM
		{5891ACEF-9478-4572-92DC-D1732691BE0F}.Debug|ARM.Build.0 = Debug|ARM
		{5891ACEF-9478-4572-92DC-D1732691BE0F}.Debug|ARM.Deploy.0 = Debug|ARM
		{5891ACEF-9478-4572-92DC-D1732691BE0F}.Debug|ARM64.ActiveCfg = Debug|ARM64
		{5891ACEF-9478-4572-92DC-D1732691BE0F}.Debug|ARM64.Build.0 = Debug|ARM64
		{5891ACEF-9478-4572-92DC-D1732691BE0F}.Debug|ARM64.Deploy.0 = Debug|ARM64
		{5891ACEF-9478-4572-92DC-D1732691BE0F}.Debug|x64.ActiveCfg = Debug|x64
		{5891ACEF-9478-4572-92DC-D1732691BE0F}.Debug|x64.Build.0 = Debug|x64
		{5891ACEF-9478-4572-92DC-D1732691BE0F}.Debug|x64.Deploy.0 = Debug|x64
		{5891ACEF-9478-4572-92DC-D1732691BE0F}.Debug|x86.ActiveCfg = Debug|Win32
		{5891ACEF-9478-4572-92DC-D1732691BE0F}.Debug|x86.Build.0 = Debug|Win32
		{5891ACEF-9478-4572-92DC-D1732691BE0F}.Debug|x86.Deploy.0 = Debug|Win32
		{5891ACEF-9478-4572-92DC-D1732691BE0F}.Release|ARM.ActiveCfg = Release|ARM
		{5891ACEF-9478-4572-92DC-D1732691BE0F}.Release|ARM.Build.0 = Release|ARM
		{5891ACEF-9478-4572-92DC-D1732691BE0F}.Release|ARM.Deploy.0 = Release|ARM
		{5891ACEF-9478-4572-92DC-D1732691BE0F}.Release|ARM64.ActiveCfg = Release|ARM64
		{5891ACEF-9478-4572-92DC-D1732691BE0F}.Release|ARM64.Build.0 = Release|ARM64
		{5891ACEF-9478-4572-92DC-D1732691BE0F}.Release|ARM64.Deploy.0 = Release|ARM64
		{5891ACEF-9478-4572-92DC-D1732691BE0F}.Release|x64.ActiveCfg = Release|x64
		{5891ACEF-9478-4572-92DC-D1732691BE0F}.Release|x64.Build.0 = Release|x64
		{5891ACEF-9478-4572-92DC-D1732691BE0F}.Release|x64.Deploy.0 = Release|x64
		{5891ACEF-9478-4572-92DC-D1732691BE0F}.Release|x86.ActiveCfg = Release|Win32
		{5891ACEF-9478-4572-92DC-D1732691BE0F}.Release|x86.Build.0 = Release|Win32
		{5891ACEF-9478-4572-92DC-D1732691BE0F}.Release|x86.Deploy.0 = Release|Win32
		{3F6C7C6D-DD84-495E-9BB0-D63C43B8D863}.Debug|ARM.ActiveCfg = Debug|ARM
		{3F6C7C6D-DD84-495E-9BB0-D63C43B8D863}.Debug|ARM.Build.0 = Debug|ARM
		{3F6C7C6D-DD84-495E-9BB0-D63C43B8D863}.Debug|ARM.Deploy.0 = Debug|ARM
		{3F6C7C6D-DD84-495E-9BB0-D63C43B8D863}.Debug|ARM64.ActiveCfg = Debug|ARM64
		{3F6C7C6D-DD84-495E-9BB0-D63C43B8D863}.Debug|ARM64.Build.0 = Debug|ARM64
		{3F6C7C6D-DD84-495E-9BB0-D63C43B8D863}.Debug|ARM64.Deploy.0 = Debug|ARM64
		{3F6C7C6D-DD84-495E-9BB0-D63C43B8D863}.Debug|x64.ActiveCfg = Debug|x64
		{3F6C7C6D-DD84-495E-9BB0-D63C43B8D863}.Debug|x64.Build.0 = Debug|x64
		{3F6C7C6D-DD84-495E-9BB0-D63C43B8D863}.Debug|x64.Deploy.0 = Debug|x64
		{3F6C7C6D-DD84-495E-9BB0-D63C43B8D863}.Debug|x86.ActiveCfg = Debug|Win32
		{3F6C7C6D-DD84-495E-9BB0-D63C43B8D863}.Debug|x86.Build.0 = Debug|Win32
		{3F6C7C6D-DD84-495E-9BB0-D63C43B8D863}.Debug|x86.Deploy.0 = Debug|Win32
		{3F6C7C6D-DD84-495E-9BB0-D63C43B8D863}.Release|ARM.ActiveCfg = Release|ARM
		{3F6C7C6D-DD84-495E-9BB0-D63C43B8D863}.Release|ARM.Build.0 = Release|ARM
		{3F6C7C6D-DD84-495E-9BB0-D63C43B8D863}.Release|ARM.Deploy.0 = Release|ARM
		{3F6C7C6D-DD84-495E-9BB0-D63C43B8D863}.Release|ARM64.ActiveCfg = Release|ARM64
		{3F6C7C6D-DD84-495E-9BB0-D63C43B8D863}.Release|ARM64.Build.0 = Release|ARM64
		{3F6C7C6D-DD84-495E-9BB0-D63C43B8D863}.Release|ARM64.Deploy.0 = Release|ARM64
		{3F6C7C6D-DD84-495E-9BB0-D63C43B8D863}.Release|x64.ActiveCfg = Release|x64
		{3F6C7C6D-DD84-495E-9BB0-D63C43B8D863}.Release|x64.Build.0 = Release|x64
		{3F6C7C6D-DD84-495E-9BB0-D63C43B8D863}.Release|x64.Deploy.0 = Release|x64
		{3F6C7C6D-DD84-495E-9BB0-D63C43B8D863}.Release|x86.ActiveCfg = Release|Win32
		{3F6C7C6D-DD84-495E-9BB0-D63C43B8D863}.Release|x86.Build.0 = Release|Win32
		{3F6C7C6D-DD84-495E-9BB0-D63C43B8D863}.Release|x86.Deploy.0 = Release|Win32
		{C4DFF487-CA95-447C-8D75-0CC3393955D8}.Debug|ARM.ActiveCfg = Debug|Win32
		{C4DFF487-CA95-447C-8D75-0CC3393955D8}.Debug|ARM64.ActiveCfg = Debug|Win32
		{C4DFF487-CA95-447C-8D75-0CC3393955D8}.Debug|x64.ActiveCfg = Debug|x64
		{C4DFF487-CA95-447C-8D75-0CC3393955D8}.Debug|x64.Build.0 = Debug|x64
		{C4DFF487-CA95-447C-8D75-0CC3393955D8}.Debug|x86.ActiveCfg = Debug|Win32
		{C4DFF487-CA95-447C-8D75-0CC3393955D8}.Debug|x86.Build.0 = Debug|Win32
		{C4DFF487-CA95-447C-8D75-0CC3393955D8}.Release|ARM.ActiveCfg = Release|Win32
		{C4DFF487-CA95-447C-8D75-0CC3393955D8}.Release|ARM64.ActiveCfg = Release|Win32
		{C4DFF487-CA95-447C-8D75-0CC3393955D8}.Release|x64.ActiveCfg = Release|x64
		{C4DFF487-CA95-447C-8D75-0CC3393955D8}.Release|x64.Build.0 = Release|x64
		{C4DFF487-CA95-447C-8D75-0CC3393955D8}.Release|x86.ActiveCfg = Release|Win32
		{C4DFF487-CA95-447C-8D75-0CC3393955D8}.Release|x86.Build.0 = Release|Win32
		{D8A6DFD2-E82E-4E77-9686-526B2C478EE2}.Debug|ARM.ActiveCfg = Debug|ARM
		{D8A6DFD2-E82E-4E77-9686-526B2C478EE2}.Debug|ARM.Build.0 = Debug|ARM
		{D8A6DFD2-E82E-4E77-9686-526B2C478EE2}.Debug|ARM.Deploy.0 = Debug|ARM
		{D8A6DFD2-E82E-4E77-9686-526B2C478EE2}.Debug|ARM64.ActiveCfg = Debug|ARM64
		{D8A6DFD2-E82E-4E77-9686-526B2C478EE2}.Debug|ARM64.Build.0 = Debug|ARM64
		{D8A6DFD2-E82E-4E77-9686-526B2C478EE2}.Debug|ARM64.Deploy.0 = Debug|ARM64
		{D8A6DFD2-E82E-4E77-9686-526B2C478EE2}.Debug|x64.ActiveCfg = Debug|x64
		{D8A6DFD2-E82E-4E77-9686-526B2C478EE2}.Debug|x64.Build.0 = Debug|x64
		{D8A6DFD2-E82E-4E77-9686-526B2C478EE2}.Debug|x64.Deploy.0 = Debug|x64
		{D8A6DFD2-E82E-4E77-9686-526B2C478EE2}.Debug|x86.ActiveCfg = Debug|Win32
		{D8A6DFD2-E82E-4E77-9686-526B2C478EE2}.Debug|x86.Build.0 = Debug|Win32
		{D8A6DFD2-E82E-4E77-9686-526B2C478EE2}.Debug|x86.Deploy.0 = Debug|Win32
		{D8A6DFD2-E82E-4E77-9686-526B2C478EE2}.Release|ARM.ActiveCfg = Release|ARM
		{D8A6DFD2-E82E-4E77-9686-526B2C478EE2}.Release|ARM.Build.0 = Release|ARM
		{D8A6DFD2-E82E-4E77-9686-526B2C478EE2}.Release|ARM.Deploy.0 = Release|ARM
		{D8A6DFD2-E82E-4E77-9686-526B2C478EE2}.Release|ARM64.ActiveCfg = Release|ARM64
		{D8A6DFD2-E82E-4E77-9686-526B2C478EE2}.Release|ARM64.Build.0 = Release|ARM64
		{D8A6DFD2-E82E-4E77-9686-526B2C478EE2}.Release|ARM64.Deploy.0 = Release|ARM64
		{D8A6DFD2-E82E-4E77-9686-526B2C478EE2}.Release|x64.ActiveCfg = Release|x64
		{D8A6DFD2-E82E-4E77-9686-526B2C478EE2}.Release|x64.Build.0 = Release|x64
		{D8A6DFD2-E82E-4E77-9686-526B2C478EE2}.Release|x64.Deploy.0 = Release|x64
		{D8A6DFD2-E82E-4E77-9686-526B2C478EE2}.Release|x86.ActiveCfg = Release|Win32
		{D8A6DFD2-E82E-4E77-9686-526B2C478EE2}.Release|x86.Build.0 = Release|Win32
		{D8A6DFD2-E82E-4E77-9686-526B2C478EE2}.Release|x86.Deploy.0 = Release|Win32
		{631FBE10-9C90-4074-9963-24322A40211D}.Debug|ARM.ActiveCfg = Debug|ARM
		{631FBE10-9C90-4074-9963-24322A40211D}.Debug|ARM.Build.0 = Debug|ARM
		{631FBE10-9C90-4074-9963-24322A40211D}.Debug|ARM.Deploy.0 = Debug|ARM
		{631FBE10-9C90-4074-9963-24322A40211D}.Debug|ARM64.ActiveCfg = Debug|ARM64
		{631FBE10-9C90-4074-9963-24322A40211D}.Debug|ARM64.Build.0 = Debug|ARM64
		{631FBE10-9C90-4074-9963-24322A40211D}.Debug|ARM64.Deploy.0 = Debug|ARM64
		{631FBE10-9C90-4074-9963-24322A40211D}.Debug|x64.ActiveCfg = Debug|x64
		{631FBE10-9C90-4074-9963-24322A40211D}.Debug|x64.Build.0 = Debug|x64
		{631FBE10-9C90-4074-9963-24322A40211D}.Debug|x64.Deploy.0 = Debug|x64
		{631FBE10-9C90-4074-9963-24322A40211D}.Debug|x86.ActiveCfg = Debug|Win32
		{631FBE10-9C90-4074-9963-24322A40211D}.Debug|x86.Build.0 = Debug|Win32
		{631FBE10-9C90-4074-9963-24322A40211D}.Debug|x86.Deploy.0 = Debug|Win32
		{631FBE10-9C90-4074-9963-24322A40211D}.Release|ARM.ActiveCfg = Release|ARM
		{631FBE10-9C90-4074-9963-24322A40211D}.Release|ARM.Build.0 = Release|ARM
		{631FBE10-9C90-4074-9963-24322A40211D}.Release|ARM.Deploy.0 = Release|ARM
		{631FBE10-9C90-4074-9963-24322A40211D}.Release|ARM64.ActiveCfg = Release|ARM64
		{631FBE10-9C90-4074-9963-24322A40211D}.Release|ARM64.Build.0 = Release|ARM64
		{631FBE10-9C90-4074-9963-24322A40211D}.Release|ARM64.Deploy.0 = Release|ARM64
		{631FBE10-9C90-4074-9963-24322A40211D}.Release|x64.ActiveCfg = Release|x64
		{631FBE10-9C90-4074-9963-24322A40211D}.Release|x64.Build.0 = Release|x64
		{631FBE10-9C90-4074-9963-24322A40211D}.Release|x64.Deploy.0 = Release|x64
		{631FBE10-9C90-4074-9963-24322A40211D}.Release|x86.ActiveCfg = Release|Win32
		{631FBE10-9C90-4074-9963-24322A40211D}.Release|x86.Build.0 = Release|Win32
		{631FBE10-9C90-4074-9963-24322A40211D}.Release|x86.Deploy.0 = Release|Win32
		{BA9A10ED-1C7B-4CEC-8F34-55C64EC8B9E4}.Debug|ARM.ActiveCfg = Debug|ARM
		{BA9A10ED-1C7B-4CEC-8F34-55C64EC8B9E4}.Debug|ARM.Build.0 = Debug|ARM
		{BA9A10ED-1C7B-4CEC-8F34-55C64EC8B9E4}.Debug|ARM.Deploy.0 = Debug|ARM
		{BA9A10ED-1C7B-4CEC-8F34-55C64EC8B9E4}.Debug|ARM64.ActiveCfg = Debug|ARM64
		{BA9A10ED-1C7B-4CEC-8F34-55C64EC8B9E4}.Debug|ARM64.Build.0 = Debug|ARM64
		{BA9A10ED-1C7B-4CEC-8F34-55C64EC8B9E4}.Debug|ARM64.Deploy.0 = Debug|ARM64
		{BA9A10ED-1C7B-4CEC-8F34-55C64EC8B9E4}.Debug|x64.ActiveCfg = Debug|x64
		{BA9A10ED-1C7B-4CEC-8F34-55C64EC8B9E4}.Debug|x64.Build.0 = Debug|x64
		{BA9A10ED-1C7B-4CEC-8F34-55C64EC8B9E4}.Debug|x64.Deploy.0 = Debug|x64
		{BA9A10ED-1C7B-4CEC-8F34-55C64EC8B9E4}.Debug|x86.ActiveCfg = Debug|Win32
		{BA9A10ED-1C7B-4CEC-8F34-55C64EC8B9E4}.Debug|x86.Build.0 = Debug|Win32
		{BA9A10ED-1C7B-4CEC-8F34-55C64EC8B9E4}.Debug|x86.Deploy.0 = Debug|Win32
		{BA9A10ED-1C7B-4CEC-8F34-55C64EC8B9E4}.Release|ARM.ActiveCfg = Release|ARM
		{BA9A10ED-1C7B-4CEC-8F34-55C64EC8B9E4}.Release|ARM.Build.0 = Release|ARM
		{BA9A10ED-1C7B-4CEC-8F34-55C64EC8B9E4}.Release|ARM.Deploy.0 = Release|ARM
		{BA9A10ED-1C7B-4CEC-8F34-55C64EC8B9E4}.Release|ARM64.ActiveCfg = Release|ARM64
		{BA9A10ED-1C7B-4CEC-8F34-55C64EC8B9E4}.Release|ARM64.Build.0 = Release|ARM64
		{BA9A10ED-1C7B-4CEC-8F34-55C64EC8B9E4}.Release|ARM64.Deploy.0 = Release|ARM64
		{BA9A10ED-1C7B-4CEC-8F34-55C64EC8B9E4}.Release|x64.ActiveCfg = Release|x64
		{BA9A10ED-1C7B-4CEC-8F34-55C64EC8B9E4}.Release|x64.Build.0 = Release|x64
		{BA9A10ED-1C7B-4CEC-8F34-55C64EC8B9E4}.Release|x64.Deploy.0 = Release|x64
		{BA9A10ED-1C7B-4CEC-8F34-55C64EC8B9E4}.Release|x86.ActiveCfg = Release|Win32
		{BA9A10ED-1C7B-4CEC-8F34-55C64EC8B9E4}.Release|x86.Build.0 = Release|Win32
		{BA9A10ED-1C7B-4CEC-8F34-55C64EC8B9E4}.Release|x86.Deploy.0 = Release|Win32
		{D490E742-7993-4B56-B568-90CAED244E86}.Debug|ARM.ActiveCfg = Debug|Win32
		{D490E742-7993-4B56-B568-90CAED244E86}.Debug|ARM64.ActiveCfg = Debug|Win32
		{D490E742-7993-4B56-B568-90CAED244E86}.Debug|x64.ActiveCfg = Debug|x64
		{D490E742-7993-4B56-B568-90CAED244E86}.Debug|x64.Build.0 = Debug|x64
		{D490E742-7993-4B56-B568-90CAED244E86}.Debug|x86.ActiveCfg = Debug|Win32
		{D490E742-7993-4B56-B568-90CAED244E86}.Debug|x86.Build.0 = Debug|Win32
		{D490E742-7993-4B56-B568-90CAED244E86}.Release|ARM.ActiveCfg = Release|Win32
		{D490E742-7993-4B56-B568-90CAED244E86}.Release|ARM64.ActiveCfg = Release|Win32
		{D490E742-7993-4B56-B568-90CAED244E86}.Release|x64.ActiveCfg = Release|x64
		{D490E742-7993-4B56-B568-90CAED244E86}.Release|x64.Build.0 = Release|x64
		{D490E742-7993-4B56-B568-90CAED244E86}.Release|x86.ActiveCfg = Release|Win32
		{D490E742-7993-4B56-B568-90CAED244E86}.Release|x86.Build.0 = Release|Win32
		{BBC327B4-F05F-4F96-BC7C-1615DF224783}.Debug|ARM.ActiveCfg = Debug|ARM
		{BBC327B4-F05F-4F96-BC7C-1615DF224783}.Debug|ARM.Build.0 = Debug|ARM
		{BBC327B4-F05F-4F96-BC7C-1615DF224783}.Debug|ARM.Deploy.0 = Debug|ARM
		{BBC327B4-F05F-4F96-BC7C-1615DF224783}.Debug|ARM64.ActiveCfg = Debug|ARM64
		{BBC327B4-F05F-4F96-BC7C-1615DF224783}.Debug|ARM64.Build.0 = Debug|ARM64
		{BBC327B4-F05F-4F96-BC7C-1615DF224783}.Debug|ARM64.Deploy.0 = Debug|ARM64
		{BBC327B4-F05F-4F96-BC7C-1615DF224783}.Debug|x64.ActiveCfg = Debug|x64
		{BBC327B4-F05F-4F96-BC7C-1615DF224783}.Debug|x64.Build.0 = Debug|x64
		{BBC327B4-F05F-4F96-BC7C-1615DF224783}.Debug|x64.Deploy.0 = Debug|x64
		{BBC327B4-F05F-4F96-BC7C-1615DF224783}.Debug|x86.ActiveCfg = Debug|Win32
		{BBC327B4-F05F-4F96-BC7C-1615DF224783}.Debug|x86.Build.0 = Debug|Win32
		{BBC327B4-F05F-4F96-BC7C-1615DF224783}.Debug|x86.Deploy.0 = Debug|Win32
		{BBC327B4-F05F-4F96-BC7C-1615DF224783}.Release|ARM.ActiveCfg = Release|ARM
		{BBC327B4-F05F-4F96-BC7C-1615DF224783}.Release|ARM.Build.0 = Release|ARM
		{BBC327B4-F05F-4F96-BC7C-1615DF224783}.Release|ARM.Deploy.0 = Release|ARM
		{BBC327B4-F05F-4F96-BC7C-1615DF224783}.Release|ARM64.ActiveCfg = Release|ARM64
		{BBC327B4-F05F-4F96-BC7C-1615DF224783}.Release|ARM64.Build.0 = Release|ARM64
		{BBC327B4-F05F-4F96-BC7C-1615DF224783}.Release|ARM64.Deploy.0 = Release|ARM64
		{BBC327B4-F05F-4F96-BC7C-1615DF224783}.Release|x64.ActiveCfg = Release|x64
		{BBC327B4-F05F-4F96-BC7C-1615DF224783}.Release|x64.Build.0 = Release|x64
		{BBC327B4-F05F-4F96-BC7C-1615DF224783}.Release|x64.Deploy.0 = Release|x64
		{BBC327B4-F05F-4F96-BC7C-1615DF224783}.Release|x86.ActiveCfg = Release|Win32
		{BBC327B4-F05F-4F96-BC7C-1615DF224783}.Release|x86.Build.0 = Release|Win32
		{BBC327B4-F05F-4F96-BC7C-1615DF224783}.Release|x86.Deploy.0 = Release|Win32
		{2CE19CDF-78D0-4796-81CF-2F3EFC0A9602}.Debug|ARM.ActiveCfg = Debug|ARM
		{2CE19CDF-78D0-4796-81CF-2F3EFC0A9602}.Debug|ARM.Build.0 = Debug|ARM
		{2CE19CDF-78D0-4796-81CF-2F3EFC0A9602}.Debug|ARM.Deploy.0 = Debug|ARM
		{2CE19CDF-78D0-4796-81CF-2F3EFC0A9602}.Debug|ARM64.ActiveCfg = Debug|ARM64
		{2CE19CDF-78D0-4796-81CF-2F3EFC0A9602}.Debug|ARM64.Build.0 = Debug|ARM64
		{2CE19CDF-78D0-4796-81CF-2F3EFC0A9602}.Debug|ARM64.Deploy.0 = Debug|ARM64
		{2CE19CDF-78D0-4796-81CF-2F3EFC0A9602}.Debug|x64.ActiveCfg = Debug|x64
		{2CE19CDF-78D0-4796-81CF-2F3EFC0A9602}.Debug|x64.Build.0 = Debug|x64
		{2CE19CDF-78D0-4796-81CF-2F3EFC0A9602}.Debug|x64.Deploy.0 = Debug|x64
		{2CE19CDF-78D0-4796-81CF-2F3EFC0A9602}.Debug|x86.ActiveCfg = Debug|Win32
		{2CE19CDF-78D0-4796-81CF-2F3EFC0A9602}.Debug|x86.Build.0 = Debug|Win32
		{2CE19CDF-78D0-4796-81CF-2F3EFC0A9602}.Debug|x86.Deploy.0 = Debug|Win32
		{2CE19CDF-78D0-4796-81CF-2F3EFC0A9602}.Release|ARM.ActiveCfg = Release|ARM
		{2CE19CDF-78D0-4796-81CF-2F3EFC0A9602}.Release|ARM.Build.0 = Release|ARM
		{2CE19CDF-78D0-4796-81CF-2F3EFC0A9602}.Release|ARM.Deploy.0 = Release|ARM
		{2CE19CDF-78D0-4796-81CF-2F3EFC0A9602}.Release|ARM64.ActiveCfg = Release|ARM64
		{2CE19CDF-78D0-4796-81CF-2F3EFC0A9602}.Release|ARM64.Build.0 = Release|ARM64
		{2CE19CDF-78D0-4796-81CF-2F3EFC0A9602}.Release|ARM64.Deploy.0 = Release|ARM64
		{2CE19CDF-78D0-4796-81CF-2F3EFC0A9602}.Release|x64.ActiveCfg = Release|x64
		{2CE19CDF-78D0-4796-81CF-2F3EFC0A9602}.Release|x64.Build.0 = Release|x64
		{2CE19CDF-78D0-4796-81CF-2F3EFC0A9602}.Release|x64.Deploy.0 = Release|x64
		{2CE19CDF-78D0-4796-81CF-2F3EFC0A9602}.Release|x86.ActiveCfg = Release|Win32
		{2CE19CDF-78D0-4796-81CF-2F3EFC0A9602}.Release|x86.Build.0 = Release|Win32
		{2CE19CDF-78D0-4796-81CF-2F3EFC0A9602}.Release|x86.Deploy.0 = Release|Win32
		{4CA7D7C1-3B69-43BB-ABC1-8CDE6FF157E5}.Debug|ARM.ActiveCfg = Debug|ARM
		{4CA7D7C1-3B69-43BB-ABC1-8CDE6FF157E5}.Debug|ARM.Build.0 = Debug|ARM
		{4CA7D7C1-3B69-43BB-ABC1-8CDE6FF157E5}.Debug|ARM.Deploy.0 = Debug|ARM
		{4CA7D7C1-3B69-43BB-ABC1-8CDE6FF157E5}.Debug|ARM64.ActiveCfg = Debug|ARM64
		{4CA7D7C1-3B69-43BB-ABC1-8CDE6FF157E5}.Debug|ARM64.Build.0 = Debug|ARM64
		{4CA7D7C1-3B69-43BB-ABC1-8CDE6FF157E5}.Debug|ARM64.Deploy.0 = Debug|ARM64
		{4CA7D7C1-3B69-43BB-ABC1-8CDE6FF157E5}.Debug|x64.ActiveCfg = Debug|x64
		{4CA7D7C1-3B69-43BB-ABC1-8CDE6FF157E5}.Debug|x64.Build.0 = Debug|x64
		{4CA7D7C1-3B69-43BB-ABC1-8CDE6FF157E5}.Debug|x64.Deploy.0 = Debug|x64
		{4CA7D7C1-3B69-43BB-ABC1-8CDE6FF157E5}.Debug|x86.ActiveCfg = Debug|Win32
		{4CA7D7C1-3B69-43BB-ABC1-8CDE6FF157E5}.Debug|x86.Build.0 = Debug|Win32
		{4CA7D7C1-3B69-43BB-ABC1-8CDE6FF157E5}.Debug|x86.Deploy.0 = Debug|Win32
		{4CA7D7C1-3B69-43BB-ABC1-8CDE6FF157E5}.Release|ARM.ActiveCfg = Release|ARM
		{4CA7D7C1-3B69-43BB-ABC1-8CDE6FF157E5}.Release|ARM.Build.0 = Release|ARM
		{4CA7D7C1-3B69-43BB-ABC1-8CDE6FF157E5}.Release|ARM.Deploy.0 = Release|ARM
		{4CA7D7C1-3B69-43BB-ABC1-8CDE6FF157E5}.Release|ARM64.ActiveCfg = Release|ARM64
		{4CA7D7C1-3B69-43BB-ABC1-8CDE6FF157E5}.Release|ARM64.Build.0 = Release|ARM64
		{4CA7D7C1-3B69-43BB-ABC1-8CDE6FF157E5}.Release|ARM64.Deploy.0 = Release|ARM64
		{4CA7D7C1-3B69-43BB-ABC1-8CDE6FF157E5}.Release|x64.ActiveCfg = Release|x64
		{4CA7D7C1-3B69-43BB-ABC1-8CDE6FF157E5}.Release|x64.Build.0 = Release|x64
		{4CA7D7C1-3B69-43BB-ABC1-8CDE6FF157E5}.Release|x64.Deploy.0 = Release|x64
		{4CA7D7C1-3B69-43BB-ABC1-8CDE6FF157E5}.Release|x86.ActiveCfg = Release|Win32
		{4CA7D7C1-3B69-43BB-ABC1-8CDE6FF157E5}.Release|x86.Build.0 = Release|Win32
		{4CA7D7C1-3B69-43BB-ABC1-8CDE6FF157E5}.Release|x86.Deploy.0 = Release|Win32
		{ED39CC20-0E8E-4CE6-A726-C2D6EC3C9A3E}.Debug|ARM.ActiveCfg = Debug|ARM
		{ED39CC20-0E8E-4CE6-A726-C2D6EC3C9A3E}.Debug|ARM.Build.0 = Debug|ARM
		{ED39CC20-0E8E-4CE6-A726-C2D6EC3C9A3E}.Debug|ARM.Deploy.0 = Debug|ARM
		{ED39CC20-0E8E-4CE6-A726-C2D6EC3C9A3E}.Debug|ARM64.ActiveCfg = Debug|ARM64
		{ED39CC20-0E8E-4CE6-A726-C2D6EC3C9A3E}.Debug|ARM64.Build.0 = Debug|ARM64
		{ED39CC20-0E8E-4CE6-A726-C2D6EC3C9A3E}.Debug|ARM64.Deploy.0 = Debug|ARM64
		{ED39CC20-0E8E-4CE6-A726-C2D6EC3C9A3E}.Debug|x64.ActiveCfg = Debug|x64
		{ED39CC20-0E8E-4CE6-A726-C2D6EC3C9A3E}.Debug|x64.Build.0 = Debug|x64
		{ED39CC20-0E8E-4CE6-A726-C2D6EC3C9A3E}.Debug|x64.Deploy.0 = Debug|x64
		{ED39CC20-0E8E-4CE6-A726-C2D6EC3C9A3E}.Debug|x86.ActiveCfg = Debug|Win32
		{ED39CC20-0E8E-4CE6-A726-C2D6EC3C9A3E}.Debug|x86.Build.0 = Debug|Win32
		{ED39CC20-0E8E-4CE6-A726-C2D6EC3C9A3E}.Debug|x86.Deploy.0 = Debug|Win32
		{ED39CC20-0E8E-4CE6-A726-C2D6EC3C9A3E}.Release|ARM.ActiveCfg = Release|ARM
		{ED39CC20-0E8E-4CE6-A726-C2D6EC3C9A3E}.Release|ARM.Build.0 = Release|ARM
		{ED39CC20-0E8E-4CE6-A726-C2D6EC3C9A3E}.Release|ARM.Deploy.0 = Release|ARM
		{ED39CC20-0E8E-4CE6-A726-C2D6EC3C9A3E}.Release|ARM64.ActiveCfg = Release|ARM64
		{ED39CC20-0E8E-4CE6-A726-C2D6EC3C9A3E}.Release|ARM64.Build.0 = Release|ARM64
		{ED39CC20-0E8E-4CE6-A726-C2D6EC3C9A3E}.Release|ARM64.Deploy.0 = Release|ARM64
		{ED39CC20-0E8E-4CE6-A726-C2D6EC3C9A3E}.Release|x64.ActiveCfg = Release|x64
		{ED39CC20-0E8E-4CE6-A726-C2D6EC3C9A3E}.Release|x64.Build.0 = Release|x64
		{ED39CC20-0E8E-4CE6-A726-C2D6EC3C9A3E}.Release|x64.Deploy.0 = Release|x64
		{ED39CC20-0E8E-4CE6-A726-C2D6EC3C9A3E}.Release|x86.ActiveCfg = Release|Win32
		{ED39CC20-0E8E-4CE6-A726-C2D6EC3C9A3E}.Release|x86.Build.0 = Release|Win32
		{ED39CC20-0E8E-4CE6-A726-C2D6EC3C9A3E}.Release|x86.Deploy.0 = Release|Win32
		{ECC012B4-E82D-4548-A1D5-FC9ED078276E}.Debug|ARM.ActiveCfg = Debug|ARM
		{ECC012B4-E82D-4548-A1D5-FC9ED078276E}.Debug|ARM.Build.0 = Debug|ARM
		{ECC012B4-E82D-4548-A1D5-FC9ED078276E}.Debug|ARM.Deploy.0 = Debug|ARM
		{ECC012B4-E82D-4548-A1D5-FC9ED078276E}.Debug|ARM64.ActiveCfg = Debug|ARM64
		{ECC012B4-E82D-4548-A1D5-FC9ED078276E}.Debug|ARM64.Build.0 = Debug|ARM64
		{ECC012B4-E82D-4548-A1D5-FC9ED078276E}.Debug|ARM64.Deploy.0 = Debug|ARM64
		{ECC012B4-E82D-4548-A1D5-FC9ED078276E}.Debug|x64.ActiveCfg = Debug|x64
		{ECC012B4-E82D-4548-A1D5-FC9ED078276E}.Debug|x64.Build.0 = Debug|x64
		{ECC012B4-E82D-4548-A1D5-FC9ED078276E}.Debug|x64.Deploy.0 = Debug|x64
		{ECC012B4-E82D-4548-A1D5-FC9ED078276E}.Debug|x86.ActiveCfg = Debug|Win32
		{ECC012B4-E82D-4548-A1D5-FC9ED078276E}.Debug|x86.Build.0 = Debug|Win32
		{ECC012B4-E82D-4548-A1D5-FC9ED078276E}.Debug|x86.Deploy.0 = Debug|Win32
		{ECC012B4-E82D-4548-A1D5-FC9ED078276E}.Release|ARM.ActiveCfg = Release|ARM
		{ECC012B4-E82D-4548-A1D5-FC9ED078276E}.Release|ARM.Build.0 = Release|ARM
		{ECC012B4-E82D-4548-A1D5-FC9ED078276E}.Release|ARM.Deploy.0 = Release|ARM
		{ECC012B4-E82D-4548-A1D5-FC9ED078276E}.Release|ARM64.ActiveCfg = Release|ARM64
		{ECC012B4-E82D-4548-A1D5-FC9ED078276E}.Release|ARM64.Build.0 = Release|ARM64
		{ECC012B4-E82D-4548-A1D5-FC9ED078276E}.Release|ARM64.Deploy.0 = Release|ARM64
		{ECC012B4-E82D-4548-A1D5-FC9ED078276E}.Release|x64.ActiveCfg = Release|x64
		{ECC012B4-E82D-4548-A1D5-FC9ED078276E}.Release|x64.Build.0 = Release|x64
		{ECC012B4-E82D-4548-A1D5-FC9ED078276E}.Release|x64.Deploy.0 = Release|x64
		{ECC012B4-E82D-4548-A1D5-FC9ED078276E}.Release|x86.ActiveCfg = Release|Win32
		{ECC012B4-E82D-4548-A1D5-FC9ED078276E}.Release|x86.Build.0 = Release|Win32
		{ECC012B4-E82D-4548-A1D5-FC9ED078276E}.Release|x86.Deploy.0 = Release|Win32
		{D499C632-979A-40A4-9988-224735F6754B}.Debug|ARM.ActiveCfg = Debug|ARM
		{D499C632-979A-40A4-9988-224735F6754B}.Debug|ARM.Build.0 = Debug|ARM
		{D499C632-979A-40A4-9988-224735F6754B}.Debug|ARM.Deploy.0 = Debug|ARM
		{D499C632-979A-40A4-9988-224735F6754B}.Debug|ARM64.ActiveCfg = Debug|ARM64
		{D499C632-979A-40A4-9988-224735F6754B}.Debug|ARM64.Build.0 = Debug|ARM64
		{D499C632-979A-40A4-9988-224735F6754B}.Debug|ARM64.Deploy.0 = Debug|ARM64
		{D499C632-979A-40A4-9988-224735F6754B}.Debug|x64.ActiveCfg = Debug|x64
		{D499C632-979A-40A4-9988-224735F6754B}.Debug|x64.Build.0 = Debug|x64
		{D499C632-979A-40A4-9988-224735F6754B}.Debug|x64.Deploy.0 = Debug|x64
		{D499C632-979A-40A4-9988-224735F6754B}.Debug|x86.ActiveCfg = Debug|Win32
		{D499C632-979A-40A4-9988-224735F6754B}.Debug|x86.Build.0 = Debug|Win32
		{D499C632-979A-40A4-9988-224735F6754B}.Debug|x86.Deploy.0 = Debug|Win32
		{D499C632-979A-40A4-9988-224735F6754B}.Release|ARM.ActiveCfg = Release|ARM
		{D499C632-979A-40A4-9988-224735F6754B}.Release|ARM.Build.0 = Release|ARM
		{D499C632-979A-40A4-9988-224735F6754B}.Release|ARM.Deploy.0 = Release|ARM
		{D499C632-979A-40A4-9988-224735F6754B}.Release|ARM64.ActiveCfg = Release|ARM64
		{D499C632-979A-40A4-9988-224735F6754B}.Release|ARM64.Build.0 = Release|ARM64
		{D499C632-979A-40A4-9988-224735F6754B}.Release|ARM64.Deploy.0 = Release|ARM64
		{D499C632-979A-40A4-9988-224735F6754B}.Release|x64.ActiveCfg = Release|x64
		{D499C632-979A-40A4-9988-224735F6754B}.Release|x64.Build.0 = Release|x64
		{D499C632-979A-40A4-9988-224735F6754B}.Release|x64.Deploy.0 = Release|x64
		{D499C632-979A-40A4-9988-224735F6754B}.Release|x86.ActiveCfg = Release|Win32
		{D499C632-979A-40A4-9988-224735F6754B}.Release|x86.Build.0 = Release|Win32
		{D499C632-979A-40A4-9988-224735F6754B}.Release|x86.Deploy.0 = Release|Win32
		{37771A0D-5ECC-4A57-BF9F-814969A91272}.Debug|ARM.ActiveCfg = Debug|ARM
		{37771A0D-5ECC-4A57-BF9F-814969A91272}.Debug|ARM.Build.0 = Debug|ARM
		{37771A0D-5ECC-4A57-BF9F-814969A91272}.Debug|ARM.Deploy.0 = Debug|ARM
		{37771A0D-5ECC-4A57-BF9F-814969A91272}.Debug|ARM64.ActiveCfg = Debug|ARM64
		{37771A0D-5ECC-4A57-BF9F-814969A91272}.Debug|ARM64.Build.0 = Debug|ARM64
		{37771A0D-5ECC-4A57-BF9F-814969A91272}.Debug|ARM64.Deploy.0 = Debug|ARM64
		{37771A0D-5ECC-4A57-BF9F-814969A91272}.Debug|x64.ActiveCfg = Debug|x64
		{37771A0D-5ECC-4A57-BF9F-814969A91272}.Debug|x64.Build.0 = Debug|x64
		{37771A0D-5ECC-4A57-BF9F-814969A91272}.Debug|x64.Deploy.0 = Debug|x64
		{37771A0D-5ECC-4A57-BF9F-814969A91272}.Debug|x86.ActiveCfg = Debug|Win32
		{37771A0D-5ECC-4A57-BF9F-814969A91272}.Debug|x86.Build.0 = Debug|Win32
		{37771A0D-5ECC-4A57-BF9F-814969A91272}.Debug|x86.Deploy.0 = Debug|Win32
		{37771A0D-5ECC-4A57-BF9F-814969A91272}.Release|ARM.ActiveCfg = Release|ARM
		{37771A0D-5ECC-4A57-BF9F-814969A91272}.Release|ARM.Build.0 = Release|ARM
		{37771A0D-5ECC-4A57-BF9F-814969A91272}.Release|ARM.Deploy.0 = Release|ARM
		{37771A0D-5ECC-4A57-BF9F-814969A91272}.Release|ARM64.ActiveCfg = Release|ARM64
		{37771A0D-5ECC-4A57-BF9F-814969A91272}.Release|ARM64.Build.0 = Release|ARM64
		{37771A0D-5ECC-4A57-BF9F-814969A91272}.Release|ARM64.Deploy.0 = Release|ARM64
		{37771A0D-5ECC-4A57-BF9F-814969A91272}.Release|x64.ActiveCfg = Release|x64
		{37771A0D-5ECC-4A57-BF9F-814969A91272}.Release|x64.Build.0 = Release|x64
		{37771A0D-5ECC-4A57-BF9F-814969A91272}.Release|x64.Deploy.0 = Release|x64
		{37771A0D-5ECC-4A57-BF9F-814969A91272}.Release|x86.ActiveCfg = Release|Win32
		{37771A0D-5ECC-4A57-BF9F-814969A91272}.Release|x86.Build.0 = Release|Win32
		{37771A0D-5ECC-4A57-BF9F-814969A91272}.Release|x86.Deploy.0 = Release|Win32
		{12678818-FDB4-454A-807E-BB7A2C26D8E0}.Debug|ARM.ActiveCfg = Debug|ARM
		{12678818-FDB4-454A-807E-BB7A2C26D8E0}.Debug|ARM.Build.0 = Debug|ARM
		{12678818-FDB4-454A-807E-BB7A2C26D8E0}.Debug|ARM.Deploy.0 = Debug|ARM
		{12678818-FDB4-454A-807E-BB7A2C26D8E0}.Debug|ARM64.ActiveCfg = Debug|ARM64
		{12678818-FDB4-454A-807E-BB7A2C26D8E0}.Debug|ARM64.Build.0 = Debug|ARM64
		{12678818-FDB4-454A-807E-BB7A2C26D8E0}.Debug|ARM64.Deploy.0 = Debug|ARM64
		{12678818-FDB4-454A-807E-BB7A2C26D8E0}.Debug|x64.ActiveCfg = Debug|x64
		{12678818-FDB4-454A-807E-BB7A2C26D8E0}.Debug|x64.Build.0 = Debug|x64
		{12678818-FDB4-454A-807E-BB7A2C26D8E0}.Debug|x64.Deploy.0 = Debug|x64
		{12678818-FDB4-454A-807E-BB7A2C26D8E0}.Debug|x86.ActiveCfg = Debug|Win32
		{12678818-FDB4-454A-807E-BB7A2C26D8E0}.Debug|x86.Build.0 = Debug|Win32
		{12678818-FDB4-454A-807E-BB7A2C26D8E0}.Debug|x86.Deploy.0 = Debug|Win32
		{12678818-FDB4-454A-807E-BB7A2C26D8E0}.Release|ARM.ActiveCfg = Release|ARM
		{12678818-FDB4-454A-807E-BB7A2C26D8E0}.Release|ARM.Build.0 = Release|ARM
		{12678818-FDB4-454A-807E-BB7A2C26D8E0}.Release|ARM.Deploy.0 = Release|ARM
		{12678818-FDB4-454A-807E-BB7A2C26D8E0}.Release|ARM64.ActiveCfg = Release|ARM64
		{12678818-FDB4-454A-807E-BB7A2C26D8E0}.Release|ARM64.Build.0 = Release|ARM64
		{12678818-FDB4-454A-807E-BB7A2C26D8E0}.Release|ARM64.Deploy.0 = Release|ARM64
		{12678818-FDB4-454A-807E-BB7A2C26D8E0}.Release|x64.ActiveCfg = Release|x64
		{12678818-FDB4-454A-807E-BB7A2C26D8E0}.Release|x64.Build.0 = Release|x64
		{12678818-FDB4-454A-807E-BB7A2C26D8E0}.Release|x64.Deploy.0 = Release|x64
		{12678818-FDB4-454A-807E-BB7A2C26D8E0}.Release|x86.ActiveCfg = Release|Win32
		{12678818-FDB4-454A-807E-BB7A2C26D8E0}.Release|x86.Build.0 = Release|Win32
		{12678818-FDB4-454A-807E-BB7A2C26D8E0}.Release|x86.Deploy.0 = Release|Win32
		{008ACFCD-0473-4A4D-B4DF-1EF1C09A2F0D}.Debug|ARM.ActiveCfg = Debug|ARM
		{008ACFCD-0473-4A4D-B4DF-1EF1C09A2F0D}.Debug|ARM.Build.0 = Debug|ARM
		{008ACFCD-0473-4A4D-B4DF-1EF1C09A2F0D}.Debug|ARM.Deploy.0 = Debug|ARM
		{008ACFCD-0473-4A4D-B4DF-1EF1C09A2F0D}.Debug|ARM64.ActiveCfg = Debug|ARM64
		{008ACFCD-0473-4A4D-B4DF-1EF1C09A2F0D}.Debug|ARM64.Build.0 = Debug|ARM64
		{008ACFCD-0473-4A4D-B4DF-1EF1C09A2F0D}.Debug|ARM64.Deploy.0 = Debug|ARM64
		{008ACFCD-0473-4A4D-B4DF-1EF1C09A2F0D}.Debug|x64.ActiveCfg = Debug|x64
		{008ACFCD-0473-4A4D-B4DF-1EF1C09A2F0D}.Debug|x64.Build.0 = Debug|x64
		{008ACFCD-0473-4A4D-B4DF-1EF1C09A2F0D}.Debug|x64.Deploy.0 = Debug|x64
		{008ACFCD-0473-4A4D-B4DF-1EF1C09A2F0D}.Debug|x86.ActiveCfg = Debug|Win32
		{008ACFCD-0473-4A4D-B4DF-1EF1C09A2F0D}.Debug|x86.Build.0 = Debug|Win32
		{008ACFCD-0473-4A4D-B4DF-1EF1C09A2F0D}.Debug|x86.Deploy.0 = Debug|Win32
		{008ACFCD-0473-4A4D-B4DF-1EF1C09A2F0D}.Release|ARM.ActiveCfg = Release|ARM
		{008ACFCD-0473-4A4D-B4DF-1EF1C09A2F0D}.Release|ARM.Build.0 = Release|ARM
		{008ACFCD-0473-4A4D-B4DF-1EF1C09A2F0D}.Release|ARM.Deploy.0 = Release|ARM
		{008ACFCD-0473-4A4D-B4DF-1EF1C09A2F0D}.Release|ARM64.ActiveCfg = Release|ARM64
		{008ACFCD-0473-4A4D-B4DF-1EF1C09A2F0D}.Release|ARM64.Build.0 = Release|ARM64
		{008ACFCD-0473-4A4D-B4DF-1EF1C09A2F0D}.Release|ARM64.Deploy.0 = Release|ARM64
		{008ACFCD-0473-4A4D-B4DF-1EF1C09A2F0D}.Release|x64.ActiveCfg = Release|x64
		{008ACFCD-0473-4A4D-B4DF-1EF1C09A2F0D}.Release|x64.Build.0 = Release|x64
		{008ACFCD-0473-4A4D-B4DF-1EF1C09A2F0D}.Release|x64.Deploy.0 = Release|x64
		{008ACFCD-0473-4A4D-B4DF-1EF1C09A2F0D}.Release|x86.ActiveCfg = Release|Win32
		{008ACFCD-0473-4A4D-B4DF-1EF1C09A2F0D}.Release|x86.Build.0 = Release|Win32
		{008ACFCD-0473-4A4D-B4DF-1EF1C09A2F0D}.Release|x86.Deploy.0 = Release|Win32
		{C1CC2BA9-7944-45A8-9D73-1CBF619C6904}.Debug|ARM.ActiveCfg = Debug|ARM
		{C1CC2BA9-7944-45A8-9D73-1CBF619C6904}.Debug|ARM.Build.0 = Debug|ARM
		{C1CC2BA9-7944-45A8-9D73-1CBF619C6904}.Debug|ARM.Deploy.0 = Debug|ARM
		{C1CC2BA9-7944-45A8-9D73-1CBF619C6904}.Debug|ARM64.ActiveCfg = Debug|ARM64
		{C1CC2BA9-7944-45A8-9D73-1CBF619C6904}.Debug|ARM64.Build.0 = Debug|ARM64
		{C1CC2BA9-7944-45A8-9D73-1CBF619C6904}.Debug|ARM64.Deploy.0 = Debug|ARM64
		{C1CC2BA9-7944-45A8-9D73-1CBF619C6904}.Debug|x64.ActiveCfg = Debug|x64
		{C1CC2BA9-7944-45A8-9D73-1CBF619C6904}.Debug|x64.Build.0 = Debug|x64
		{C1CC2BA9-7944-45A8-9D73-1CBF619C6904}.Debug|x64.Deploy.0 = Debug|x64
		{C1CC2BA9-7944-45A8-9D73-1CBF619C6904}.Debug|x86.ActiveCfg = Debug|Win32
		{C1CC2BA9-7944-45A8-9D73-1CBF619C6904}.Debug|x86.Build.0 = Debug|Win32
		{C1CC2BA9-7944-45A8-9D73-1CBF619C6904}.Debug|x86.Deploy.0 = Debug|Win32
		{C1CC2BA9-7944-45A8-9D73-1CBF619C6904}.Release|ARM.ActiveCfg = Release|ARM
		{C1CC2BA9-7944-45A8-9D73-1CBF619C6904}.Release|ARM.Build.0 = Release|ARM
		{C1CC2BA9-7944-45A8-9D73-1CBF619C6904}.Release|ARM.Deploy.0 = Release|ARM
		{C1CC2BA9-7944-45A8-9D73-1CBF619C6904}.Release|ARM64.ActiveCfg = Release|ARM64
		{C1CC2BA9-7944-45A8-9D73-1CBF619C6904}.Release|ARM64.Build.0 = Release|ARM64
		{C1CC2BA9-7944-45A8-9D73-1CBF619C6904}.Release|ARM64.Deploy.0 = Release|ARM64
		{C1CC2BA9-7944-45A8-9D73-1CBF619C6904}.Release|x64.ActiveCfg = Release|x64
		{C1CC2BA9-7944-45A8-9D73-1CBF619C6904}.Release|x64.Build.0 = Release|x64
		{C1CC2BA9-7944-45A8-9D73-1CBF619C6904}.Release|x64.Deploy.0 = Release|x64
		{C1CC2BA9-7944-45A8-9D73-1CBF619C6904}.Release|x86.ActiveCfg = Release|Win32
		{C1CC2BA9-7944-45A8-9D73-1CBF619C6904}.Release|x86.Build.0 = Release|Win32
		{C1CC2BA9-7944-45A8-9D73-1CBF619C6904}.Release|x86.Deploy.0 = Release|Win32
	EndGlobalSection
	GlobalSection(SolutionProperties) = preSolution
		HideSolutionNode = FALSE
	EndGlobalSection
	GlobalSection(ExtensibilityGlobals) = postSolution
		SolutionGuid = {432730E8-7A8A-49C8-B09B-28AE1472E514}
	EndGlobalSection
EndGlobal
